
Microsoft Visual Studio Solution File, Format Version 12.00
# Visual Studio Version 16
VisualStudioVersion = 16.0.29519.181
MinimumVisualStudioVersion = 15.0.26124.0
Project("{9A19103F-16F7-4668-BE54-9A1E7A4F7556}") = "Moonlay.MasterData.WebApi", "Moonlay.MCService\Moonlay.MasterData.WebApi.csproj", "{FBD5F60E-CA86-4127-87D1-4C1DF9B49547}"
EndProject
Project("{9A19103F-16F7-4668-BE54-9A1E7A4F7556}") = "Moonlay.MasterData.WebApi.UnitTests", "Moonlay.MCService.UnitTests\Moonlay.MasterData.WebApi.UnitTests.csproj", "{431336DC-54F1-44D0-9CCF-389E3CB9CDF8}"
EndProject
Project("{9A19103F-16F7-4668-BE54-9A1E7A4F7556}") = "Moonlay.DemoKafkaClient", "Moonlay.DemoKafkaClient\Moonlay.DemoKafkaClient.csproj", "{2AF65B2D-400E-48E2-AC65-F6E710C70786}"
EndProject
Project("{9A19103F-16F7-4668-BE54-9A1E7A4F7556}") = "Moonlay.DemoKafkaTopics", "Moonlay.DemoKafkaTopics\Moonlay.DemoKafkaTopics.csproj", "{9C2553F3-72FB-4B60-94A8-0CDB9B743852}"
EndProject
Project("{9A19103F-16F7-4668-BE54-9A1E7A4F7556}") = "Moonlay.Core.Models", "Moonlay.Core.Models\Moonlay.Core.Models.csproj", "{D02D0336-853E-497C-B802-169E5E51AB65}"
EndProject
Project("{2150E333-8FDC-42A3-9474-1A3956D46DE8}") = "Solution Items", "Solution Items", "{CAF243F3-1876-4495-A4C1-D47E32FABBB4}"
	ProjectSection(SolutionItems) = preProject
		docker-compose.yml = docker-compose.yml
		Protos\mdm.proto = Protos\mdm.proto
	EndProjectSection
EndProject
Project("{9A19103F-16F7-4668-BE54-9A1E7A4F7556}") = "Moonlay.Confluent.Kafka", "Moonlay.Confluent.Kafka\Moonlay.Confluent.Kafka.csproj", "{FCED9F44-3966-4E1A-AE45-408185C59C8B}"
EndProject
Project("{9A19103F-16F7-4668-BE54-9A1E7A4F7556}") = "Moonlay.WebApp", "Moonlay.WebApp\Moonlay.WebApp.csproj", "{D16D9BCB-DAE5-4C82-A2A1-8D9BF94C8F86}"
EndProject
Project("{2150E333-8FDC-42A3-9474-1A3956D46DE8}") = "WebApi", "WebApi", "{7DFBB7F8-FDCD-4EB6-8F20-971E806E861C}"
EndProject
Project("{2150E333-8FDC-42A3-9474-1A3956D46DE8}") = "Libraries", "Libraries", "{088EB4EA-C2E7-4F58-9620-79254B156918}"
EndProject
Project("{2150E333-8FDC-42A3-9474-1A3956D46DE8}") = "Topics", "Topics", "{88E0E8F3-C614-4CDD-B687-DFF56C50FADE}"
EndProject
Project("{9A19103F-16F7-4668-BE54-9A1E7A4F7556}") = "Moonlay.Topics", "Moonlay.Topics\Moonlay.Topics.csproj", "{E8A57280-8D6A-462C-BB92-9A36F3F5102B}"
EndProject
Global
	GlobalSection(SolutionConfigurationPlatforms) = preSolution
		Debug|Any CPU = Debug|Any CPU
		Debug|x64 = Debug|x64
		Debug|x86 = Debug|x86
		Release|Any CPU = Release|Any CPU
		Release|x64 = Release|x64
		Release|x86 = Release|x86
	EndGlobalSection
	GlobalSection(ProjectConfigurationPlatforms) = postSolution
		{FBD5F60E-CA86-4127-87D1-4C1DF9B49547}.Debug|Any CPU.ActiveCfg = Debug|Any CPU
		{FBD5F60E-CA86-4127-87D1-4C1DF9B49547}.Debug|Any CPU.Build.0 = Debug|Any CPU
		{FBD5F60E-CA86-4127-87D1-4C1DF9B49547}.Debug|x64.ActiveCfg = Debug|Any CPU
		{FBD5F60E-CA86-4127-87D1-4C1DF9B49547}.Debug|x64.Build.0 = Debug|Any CPU
		{FBD5F60E-CA86-4127-87D1-4C1DF9B49547}.Debug|x86.ActiveCfg = Debug|Any CPU
		{FBD5F60E-CA86-4127-87D1-4C1DF9B49547}.Debug|x86.Build.0 = Debug|Any CPU
		{FBD5F60E-CA86-4127-87D1-4C1DF9B49547}.Release|Any CPU.ActiveCfg = Release|Any CPU
		{FBD5F60E-CA86-4127-87D1-4C1DF9B49547}.Release|Any CPU.Build.0 = Release|Any CPU
		{FBD5F60E-CA86-4127-87D1-4C1DF9B49547}.Release|x64.ActiveCfg = Release|Any CPU
		{FBD5F60E-CA86-4127-87D1-4C1DF9B49547}.Release|x64.Build.0 = Release|Any CPU
		{FBD5F60E-CA86-4127-87D1-4C1DF9B49547}.Release|x86.ActiveCfg = Release|Any CPU
		{FBD5F60E-CA86-4127-87D1-4C1DF9B49547}.Release|x86.Build.0 = Release|Any CPU
		{431336DC-54F1-44D0-9CCF-389E3CB9CDF8}.Debug|Any CPU.ActiveCfg = Debug|Any CPU
		{431336DC-54F1-44D0-9CCF-389E3CB9CDF8}.Debug|Any CPU.Build.0 = Debug|Any CPU
		{431336DC-54F1-44D0-9CCF-389E3CB9CDF8}.Debug|x64.ActiveCfg = Debug|Any CPU
		{431336DC-54F1-44D0-9CCF-389E3CB9CDF8}.Debug|x64.Build.0 = Debug|Any CPU
		{431336DC-54F1-44D0-9CCF-389E3CB9CDF8}.Debug|x86.ActiveCfg = Debug|Any CPU
		{431336DC-54F1-44D0-9CCF-389E3CB9CDF8}.Debug|x86.Build.0 = Debug|Any CPU
		{431336DC-54F1-44D0-9CCF-389E3CB9CDF8}.Release|Any CPU.ActiveCfg = Release|Any CPU
		{431336DC-54F1-44D0-9CCF-389E3CB9CDF8}.Release|Any CPU.Build.0 = Release|Any CPU
		{431336DC-54F1-44D0-9CCF-389E3CB9CDF8}.Release|x64.ActiveCfg = Release|Any CPU
		{431336DC-54F1-44D0-9CCF-389E3CB9CDF8}.Release|x64.Build.0 = Release|Any CPU
		{431336DC-54F1-44D0-9CCF-389E3CB9CDF8}.Release|x86.ActiveCfg = Release|Any CPU
		{431336DC-54F1-44D0-9CCF-389E3CB9CDF8}.Release|x86.Build.0 = Release|Any CPU
		{2AF65B2D-400E-48E2-AC65-F6E710C70786}.Debug|Any CPU.ActiveCfg = Debug|Any CPU
		{2AF65B2D-400E-48E2-AC65-F6E710C70786}.Debug|Any CPU.Build.0 = Debug|Any CPU
		{2AF65B2D-400E-48E2-AC65-F6E710C70786}.Debug|x64.ActiveCfg = Debug|Any CPU
		{2AF65B2D-400E-48E2-AC65-F6E710C70786}.Debug|x64.Build.0 = Debug|Any CPU
		{2AF65B2D-400E-48E2-AC65-F6E710C70786}.Debug|x86.ActiveCfg = Debug|Any CPU
		{2AF65B2D-400E-48E2-AC65-F6E710C70786}.Debug|x86.Build.0 = Debug|Any CPU
		{2AF65B2D-400E-48E2-AC65-F6E710C70786}.Release|Any CPU.ActiveCfg = Release|Any CPU
		{2AF65B2D-400E-48E2-AC65-F6E710C70786}.Release|Any CPU.Build.0 = Release|Any CPU
		{2AF65B2D-400E-48E2-AC65-F6E710C70786}.Release|x64.ActiveCfg = Release|Any CPU
		{2AF65B2D-400E-48E2-AC65-F6E710C70786}.Release|x64.Build.0 = Release|Any CPU
		{2AF65B2D-400E-48E2-AC65-F6E710C70786}.Release|x86.ActiveCfg = Release|Any CPU
		{2AF65B2D-400E-48E2-AC65-F6E710C70786}.Release|x86.Build.0 = Release|Any CPU
		{9C2553F3-72FB-4B60-94A8-0CDB9B743852}.Debug|Any CPU.ActiveCfg = Debug|Any CPU
		{9C2553F3-72FB-4B60-94A8-0CDB9B743852}.Debug|Any CPU.Build.0 = Debug|Any CPU
		{9C2553F3-72FB-4B60-94A8-0CDB9B743852}.Debug|x64.ActiveCfg = Debug|Any CPU
		{9C2553F3-72FB-4B60-94A8-0CDB9B743852}.Debug|x64.Build.0 = Debug|Any CPU
		{9C2553F3-72FB-4B60-94A8-0CDB9B743852}.Debug|x86.ActiveCfg = Debug|Any CPU
		{9C2553F3-72FB-4B60-94A8-0CDB9B743852}.Debug|x86.Build.0 = Debug|Any CPU
		{9C2553F3-72FB-4B60-94A8-0CDB9B743852}.Release|Any CPU.ActiveCfg = Release|Any CPU
		{9C2553F3-72FB-4B60-94A8-0CDB9B743852}.Release|Any CPU.Build.0 = Release|Any CPU
		{9C2553F3-72FB-4B60-94A8-0CDB9B743852}.Release|x64.ActiveCfg = Release|Any CPU
		{9C2553F3-72FB-4B60-94A8-0CDB9B743852}.Release|x64.Build.0 = Release|Any CPU
		{9C2553F3-72FB-4B60-94A8-0CDB9B743852}.Release|x86.ActiveCfg = Release|Any CPU
		{9C2553F3-72FB-4B60-94A8-0CDB9B743852}.Release|x86.Build.0 = Release|Any CPU
		{D02D0336-853E-497C-B802-169E5E51AB65}.Debug|Any CPU.ActiveCfg = Debug|Any CPU
		{D02D0336-853E-497C-B802-169E5E51AB65}.Debug|Any CPU.Build.0 = Debug|Any CPU
		{D02D0336-853E-497C-B802-169E5E51AB65}.Debug|x64.ActiveCfg = Debug|Any CPU
		{D02D0336-853E-497C-B802-169E5E51AB65}.Debug|x64.Build.0 = Debug|Any CPU
		{D02D0336-853E-497C-B802-169E5E51AB65}.Debug|x86.ActiveCfg = Debug|Any CPU
		{D02D0336-853E-497C-B802-169E5E51AB65}.Debug|x86.Build.0 = Debug|Any CPU
		{D02D0336-853E-497C-B802-169E5E51AB65}.Release|Any CPU.ActiveCfg = Release|Any CPU
		{D02D0336-853E-497C-B802-169E5E51AB65}.Release|Any CPU.Build.0 = Release|Any CPU
		{D02D0336-853E-497C-B802-169E5E51AB65}.Release|x64.ActiveCfg = Release|Any CPU
		{D02D0336-853E-497C-B802-169E5E51AB65}.Release|x64.Build.0 = Release|Any CPU
		{D02D0336-853E-497C-B802-169E5E51AB65}.Release|x86.ActiveCfg = Release|Any CPU
		{D02D0336-853E-497C-B802-169E5E51AB65}.Release|x86.Build.0 = Release|Any CPU
		{FCED9F44-3966-4E1A-AE45-408185C59C8B}.Debug|Any CPU.ActiveCfg = Debug|Any CPU
		{FCED9F44-3966-4E1A-AE45-408185C59C8B}.Debug|Any CPU.Build.0 = Debug|Any CPU
		{FCED9F44-3966-4E1A-AE45-408185C59C8B}.Debug|x64.ActiveCfg = Debug|Any CPU
		{FCED9F44-3966-4E1A-AE45-408185C59C8B}.Debug|x64.Build.0 = Debug|Any CPU
		{FCED9F44-3966-4E1A-AE45-408185C59C8B}.Debug|x86.ActiveCfg = Debug|Any CPU
		{FCED9F44-3966-4E1A-AE45-408185C59C8B}.Debug|x86.Build.0 = Debug|Any CPU
		{FCED9F44-3966-4E1A-AE45-408185C59C8B}.Release|Any CPU.ActiveCfg = Release|Any CPU
		{FCED9F44-3966-4E1A-AE45-408185C59C8B}.Release|Any CPU.Build.0 = Release|Any CPU
		{FCED9F44-3966-4E1A-AE45-408185C59C8B}.Release|x64.ActiveCfg = Release|Any CPU
		{FCED9F44-3966-4E1A-AE45-408185C59C8B}.Release|x64.Build.0 = Release|Any CPU
		{FCED9F44-3966-4E1A-AE45-408185C59C8B}.Release|x86.ActiveCfg = Release|Any CPU
		{FCED9F44-3966-4E1A-AE45-408185C59C8B}.Release|x86.Build.0 = Release|Any CPU
		{D16D9BCB-DAE5-4C82-A2A1-8D9BF94C8F86}.Debug|Any CPU.ActiveCfg = Debug|Any CPU
		{D16D9BCB-DAE5-4C82-A2A1-8D9BF94C8F86}.Debug|Any CPU.Build.0 = Debug|Any CPU
		{D16D9BCB-DAE5-4C82-A2A1-8D9BF94C8F86}.Debug|x64.ActiveCfg = Debug|Any CPU
		{D16D9BCB-DAE5-4C82-A2A1-8D9BF94C8F86}.Debug|x64.Build.0 = Debug|Any CPU
		{D16D9BCB-DAE5-4C82-A2A1-8D9BF94C8F86}.Debug|x86.ActiveCfg = Debug|Any CPU
		{D16D9BCB-DAE5-4C82-A2A1-8D9BF94C8F86}.Debug|x86.Build.0 = Debug|Any CPU
		{D16D9BCB-DAE5-4C82-A2A1-8D9BF94C8F86}.Release|Any CPU.ActiveCfg = Release|Any CPU
		{D16D9BCB-DAE5-4C82-A2A1-8D9BF94C8F86}.Release|Any CPU.Build.0 = Release|Any CPU
		{D16D9BCB-DAE5-4C82-A2A1-8D9BF94C8F86}.Release|x64.ActiveCfg = Release|Any CPU
		{D16D9BCB-DAE5-4C82-A2A1-8D9BF94C8F86}.Release|x64.Build.0 = Release|Any CPU
		{D16D9BCB-DAE5-4C82-A2A1-8D9BF94C8F86}.Release|x86.ActiveCfg = Release|Any CPU
		{D16D9BCB-DAE5-4C82-A2A1-8D9BF94C8F86}.Release|x86.Build.0 = Release|Any CPU
		{E8A57280-8D6A-462C-BB92-9A36F3F5102B}.Debug|Any CPU.ActiveCfg = Debug|Any CPU
		{E8A57280-8D6A-462C-BB92-9A36F3F5102B}.Debug|Any CPU.Build.0 = Debug|Any CPU
		{E8A57280-8D6A-462C-BB92-9A36F3F5102B}.Debug|x64.ActiveCfg = Debug|Any CPU
		{E8A57280-8D6A-462C-BB92-9A36F3F5102B}.Debug|x64.Build.0 = Debug|Any CPU
		{E8A57280-8D6A-462C-BB92-9A36F3F5102B}.Debug|x86.ActiveCfg = Debug|Any CPU
		{E8A57280-8D6A-462C-BB92-9A36F3F5102B}.Debug|x86.Build.0 = Debug|Any CPU
		{E8A57280-8D6A-462C-BB92-9A36F3F5102B}.Release|Any CPU.ActiveCfg = Release|Any CPU
		{E8A57280-8D6A-462C-BB92-9A36F3F5102B}.Release|Any CPU.Build.0 = Release|Any CPU
		{E8A57280-8D6A-462C-BB92-9A36F3F5102B}.Release|x64.ActiveCfg = Release|Any CPU
		{E8A57280-8D6A-462C-BB92-9A36F3F5102B}.Release|x64.Build.0 = Release|Any CPU
		{E8A57280-8D6A-462C-BB92-9A36F3F5102B}.Release|x86.ActiveCfg = Release|Any CPU
		{E8A57280-8D6A-462C-BB92-9A36F3F5102B}.Release|x86.Build.0 = Release|Any CPU
	EndGlobalSection
	GlobalSection(SolutionProperties) = preSolution
		HideSolutionNode = FALSE
	EndGlobalSection
	GlobalSection(NestedProjects) = preSolution
		{FBD5F60E-CA86-4127-87D1-4C1DF9B49547} = {7DFBB7F8-FDCD-4EB6-8F20-971E806E861C}
		{431336DC-54F1-44D0-9CCF-389E3CB9CDF8} = {7DFBB7F8-FDCD-4EB6-8F20-971E806E861C}
		{9C2553F3-72FB-4B60-94A8-0CDB9B743852} = {88E0E8F3-C614-4CDD-B687-DFF56C50FADE}
		{D02D0336-853E-497C-B802-169E5E51AB65} = {088EB4EA-C2E7-4F58-9620-79254B156918}
		{FCED9F44-3966-4E1A-AE45-408185C59C8B} = {088EB4EA-C2E7-4F58-9620-79254B156918}
		{E8A57280-8D6A-462C-BB92-9A36F3F5102B} = {88E0E8F3-C614-4CDD-B687-DFF56C50FADE}
	EndGlobalSection
	GlobalSection(ExtensibilityGlobals) = postSolution
		SolutionGuid = {5F96B1F9-7C54-4A9A-BED5-EA029AC6323D}
	EndGlobalSection
EndGlobal
